
Microsoft Visual Studio Solution File, Format Version 12.00
# Visual Studio Version 17
VisualStudioVersion = 17.12.35527.113
MinimumVisualStudioVersion = 10.0.40219.1
Project("{FAE04EC0-301F-11D3-BF4B-00C04F79EFBC}") = "DWIS.AdviceComposer.Model", "DWIS.AdviceComposer.Model\DWIS.AdviceComposer.Model.csproj", "{2FA038D3-AAE1-4127-BAA5-68FE2DDE07DE}"
EndProject
Project("{FAE04EC0-301F-11D3-BF4B-00C04F79EFBC}") = "DWIS.AdviceComposer.Service", "DWIS.AdviceComposer.Service\DWIS.AdviceComposer.Service.csproj", "{1AF869FA-C5B6-4682-8E28-701828BDD997}"
EndProject
Project("{2150E333-8FDC-42A3-9474-1A3956D46DE8}") = "Solution Items", "Solution Items", "{FFFE2361-9993-49C3-850A-57D79500F66F}"
	ProjectSection(SolutionItems) = preProject
		README.md = README.md
	EndProjectSection
EndProject
Project("{FAE04EC0-301F-11D3-BF4B-00C04F79EFBC}") = "DWIS.AdviceComposer.ROPAdvisorWithCuttingsTransportFeature.Test", "DWIS.AdviceComposer.ROPAdvisorWithCuttingsTransportFeature.Test\DWIS.AdviceComposer.ROPAdvisorWithCuttingsTransportFeature.Test.csproj", "{64207C53-0875-4BDC-9640-AE7B02ED6453}"
EndProject
Project("{FAE04EC0-301F-11D3-BF4B-00C04F79EFBC}") = "DWIS.AdviceComposer.ROPAdvisorWithDrillStemVibrationFeature.Test", "DWIS.AdviceComposer.ROPAdvisorWithDrillStemVibrationFeature.Test\DWIS.AdviceComposer.ROPAdvisorWithDrillStemVibrationFeature.Test.csproj", "{10DAD7A0-7E2D-4C11-AE31-1DB8B60E9E77}"
EndProject
Project("{FAE04EC0-301F-11D3-BF4B-00C04F79EFBC}") = "DWIS.AdviceComposer.ROPAdvisorWithRigActionPlanFeature.Test", "DWIS.AdviceComposer.ROPAdvisorWithRigActionPlanFeature.Test\DWIS.AdviceComposer.ROPAdvisorWithRigActionPlanFeature.Test.csproj", "{F6935056-72DA-4C00-96B1-43DEABAE8B4B}"
EndProject
Project("{FAE04EC0-301F-11D3-BF4B-00C04F79EFBC}") = "DWIS.AdviceComposer.SchedulerROPContext.Test", "DWIS.AdviceComposer.SchedulerROPContext.Test\DWIS.AdviceComposer.SchedulerROPContext.Test.csproj", "{122CE879-7848-430B-B553-9B2D44806378}"
EndProject
Global
	GlobalSection(SolutionConfigurationPlatforms) = preSolution
		Debug|Any CPU = Debug|Any CPU
		Release|Any CPU = Release|Any CPU
	EndGlobalSection
	GlobalSection(ProjectConfigurationPlatforms) = postSolution
		{2FA038D3-AAE1-4127-BAA5-68FE2DDE07DE}.Debug|Any CPU.ActiveCfg = Debug|Any CPU
		{2FA038D3-AAE1-4127-BAA5-68FE2DDE07DE}.Debug|Any CPU.Build.0 = Debug|Any CPU
		{2FA038D3-AAE1-4127-BAA5-68FE2DDE07DE}.Release|Any CPU.ActiveCfg = Release|Any CPU
		{2FA038D3-AAE1-4127-BAA5-68FE2DDE07DE}.Release|Any CPU.Build.0 = Release|Any CPU
		{1AF869FA-C5B6-4682-8E28-701828BDD997}.Debug|Any CPU.ActiveCfg = Debug|Any CPU
		{1AF869FA-C5B6-4682-8E28-701828BDD997}.Debug|Any CPU.Build.0 = Debug|Any CPU
		{1AF869FA-C5B6-4682-8E28-701828BDD997}.Release|Any CPU.ActiveCfg = Release|Any CPU
		{1AF869FA-C5B6-4682-8E28-701828BDD997}.Release|Any CPU.Build.0 = Release|Any CPU
		{64207C53-0875-4BDC-9640-AE7B02ED6453}.Debug|Any CPU.ActiveCfg = Debug|Any CPU
		{64207C53-0875-4BDC-9640-AE7B02ED6453}.Debug|Any CPU.Build.0 = Debug|Any CPU
		{64207C53-0875-4BDC-9640-AE7B02ED6453}.Release|Any CPU.ActiveCfg = Release|Any CPU
		{64207C53-0875-4BDC-9640-AE7B02ED6453}.Release|Any CPU.Build.0 = Release|Any CPU
		{10DAD7A0-7E2D-4C11-AE31-1DB8B60E9E77}.Debug|Any CPU.ActiveCfg = Debug|Any CPU
		{10DAD7A0-7E2D-4C11-AE31-1DB8B60E9E77}.Debug|Any CPU.Build.0 = Debug|Any CPU
		{10DAD7A0-7E2D-4C11-AE31-1DB8B60E9E77}.Release|Any CPU.ActiveCfg = Release|Any CPU
		{10DAD7A0-7E2D-4C11-AE31-1DB8B60E9E77}.Release|Any CPU.Build.0 = Release|Any CPU
		{F6935056-72DA-4C00-96B1-43DEABAE8B4B}.Debug|Any CPU.ActiveCfg = Debug|Any CPU
		{F6935056-72DA-4C00-96B1-43DEABAE8B4B}.Debug|Any CPU.Build.0 = Debug|Any CPU
		{F6935056-72DA-4C00-96B1-43DEABAE8B4B}.Release|Any CPU.ActiveCfg = Release|Any CPU
		{F6935056-72DA-4C00-96B1-43DEABAE8B4B}.Release|Any CPU.Build.0 = Release|Any CPU
		{122CE879-7848-430B-B553-9B2D44806378}.Debug|Any CPU.ActiveCfg = Debug|Any CPU
		{122CE879-7848-430B-B553-9B2D44806378}.Debug|Any CPU.Build.0 = Debug|Any CPU
		{122CE879-7848-430B-B553-9B2D44806378}.Release|Any CPU.ActiveCfg = Release|Any CPU
		{122CE879-7848-430B-B553-9B2D44806378}.Release|Any CPU.Build.0 = Release|Any CPU
	EndGlobalSection
	GlobalSection(SolutionProperties) = preSolution
		HideSolutionNode = FALSE
	EndGlobalSection
EndGlobal
